
Microsoft Visual Studio Solution File, Format Version 12.00
# Visual Studio Version 17
VisualStudioVersion = 17.8.34330.188
MinimumVisualStudioVersion = 10.0.40219.1
Project("{FAE04EC0-301F-11D3-BF4B-00C04F79EFBC}") = "ToDoListRazorPages", "ToDoListRazorPages\ToDoListRazorPages.csproj", "{02DDB558-A835-4E7E-AA5C-4831B8C6636F}"
EndProject
Global
	GlobalSection(SolutionConfigurationPlatforms) = preSolution
		Debug|Any CPU = Debug|Any CPU
		Release|Any CPU = Release|Any CPU
	EndGlobalSection
	GlobalSection(ProjectConfigurationPlatforms) = postSolution
		{02DDB558-A835-4E7E-AA5C-4831B8C6636F}.Debug|Any CPU.ActiveCfg = Debug|Any CPU
		{02DDB558-A835-4E7E-AA5C-4831B8C6636F}.Debug|Any CPU.Build.0 = Debug|Any CPU
		{02DDB558-A835-4E7E-AA5C-4831B8C6636F}.Release|Any CPU.ActiveCfg = Release|Any CPU
		{02DDB558-A835-4E7E-AA5C-4831B8C6636F}.Release|Any CPU.Build.0 = Release|Any CPU
	EndGlobalSection
	GlobalSection(SolutionProperties) = preSolution
		HideSolutionNode = FALSE
	EndGlobalSection
	GlobalSection(ExtensibilityGlobals) = postSolution
		SolutionGuid = {17A3727C-4B77-4809-83B2-B9C30396A6F7}
	EndGlobalSection
EndGlobal
